
Microsoft Visual Studio Solution File, Format Version 12.00
# Visual Studio Version 17
VisualStudioVersion = 17.5.33424.131
MinimumVisualStudioVersion = 10.0.40219.1
Project("{9A19103F-16F7-4668-BE54-9A1E7A4F7556}") = "Shop", "Shop\Shop\Shop.csproj", "{7E760E26-71BC-425D-9B4A-1AAFF686F93D}"
EndProject
Project("{FAE04EC0-301F-11D3-BF4B-00C04F79EFBC}") = "Data", "Shop\Data\Data.csproj", "{D1201655-5C42-4F99-8B18-B5FE186DD367}"
EndProject
Project("{FAE04EC0-301F-11D3-BF4B-00C04F79EFBC}") = "Logic", "Shop\Logic\Logic.csproj", "{AA88A536-3992-40F0-8823-A98AED56073D}"
EndProject
Project("{FAE04EC0-301F-11D3-BF4B-00C04F79EFBC}") = "DataTest", "Shop\DataTest\DataTest.csproj", "{D630610C-49B0-4CD7-B127-1706F5E12397}"
EndProject
Project("{FAE04EC0-301F-11D3-BF4B-00C04F79EFBC}") = "LogicTest", "Shop\LogicTest\LogicTest.csproj", "{6D681039-B7E2-4521-8115-7ECF23EC27A9}"
EndProject
Global
	GlobalSection(SolutionConfigurationPlatforms) = preSolution
		Debug|Any CPU = Debug|Any CPU
		Release|Any CPU = Release|Any CPU
	EndGlobalSection
	GlobalSection(ProjectConfigurationPlatforms) = postSolution
		{7E760E26-71BC-425D-9B4A-1AAFF686F93D}.Debug|Any CPU.ActiveCfg = Debug|Any CPU
		{7E760E26-71BC-425D-9B4A-1AAFF686F93D}.Debug|Any CPU.Build.0 = Debug|Any CPU
		{7E760E26-71BC-425D-9B4A-1AAFF686F93D}.Release|Any CPU.ActiveCfg = Release|Any CPU
		{7E760E26-71BC-425D-9B4A-1AAFF686F93D}.Release|Any CPU.Build.0 = Release|Any CPU
		{D1201655-5C42-4F99-8B18-B5FE186DD367}.Debug|Any CPU.ActiveCfg = Debug|Any CPU
		{D1201655-5C42-4F99-8B18-B5FE186DD367}.Debug|Any CPU.Build.0 = Debug|Any CPU
		{D1201655-5C42-4F99-8B18-B5FE186DD367}.Release|Any CPU.ActiveCfg = Release|Any CPU
		{D1201655-5C42-4F99-8B18-B5FE186DD367}.Release|Any CPU.Build.0 = Release|Any CPU
		{AA88A536-3992-40F0-8823-A98AED56073D}.Debug|Any CPU.ActiveCfg = Debug|Any CPU
		{AA88A536-3992-40F0-8823-A98AED56073D}.Debug|Any CPU.Build.0 = Debug|Any CPU
		{AA88A536-3992-40F0-8823-A98AED56073D}.Release|Any CPU.ActiveCfg = Release|Any CPU
		{AA88A536-3992-40F0-8823-A98AED56073D}.Release|Any CPU.Build.0 = Release|Any CPU
		{D630610C-49B0-4CD7-B127-1706F5E12397}.Debug|Any CPU.ActiveCfg = Debug|Any CPU
		{D630610C-49B0-4CD7-B127-1706F5E12397}.Debug|Any CPU.Build.0 = Debug|Any CPU
		{D630610C-49B0-4CD7-B127-1706F5E12397}.Release|Any CPU.ActiveCfg = Release|Any CPU
		{D630610C-49B0-4CD7-B127-1706F5E12397}.Release|Any CPU.Build.0 = Release|Any CPU
		{6D681039-B7E2-4521-8115-7ECF23EC27A9}.Debug|Any CPU.ActiveCfg = Debug|Any CPU
		{6D681039-B7E2-4521-8115-7ECF23EC27A9}.Debug|Any CPU.Build.0 = Debug|Any CPU
		{6D681039-B7E2-4521-8115-7ECF23EC27A9}.Release|Any CPU.ActiveCfg = Release|Any CPU
		{6D681039-B7E2-4521-8115-7ECF23EC27A9}.Release|Any CPU.Build.0 = Release|Any CPU
	EndGlobalSection
	GlobalSection(SolutionProperties) = preSolution
		HideSolutionNode = FALSE
	EndGlobalSection
	GlobalSection(ExtensibilityGlobals) = postSolution
		SolutionGuid = {EB2976AC-954C-436E-87AF-A50ABC09BF95}
	EndGlobalSection
EndGlobal
